
Microsoft Visual Studio Solution File, Format Version 12.00
# Visual Studio 2012
Project("{FAE04EC0-301F-11D3-BF4B-00C04F79EFBC}") = "EBML", "EBML\EBML.csproj", "{B9B0908E-D99C-4543-9F84-376ED4EC7509}"
EndProject
Project("{FAE04EC0-301F-11D3-BF4B-00C04F79EFBC}") = "EBML.Sandbox", "EBML.Sandbox\EBML.Sandbox.csproj", "{A9507282-9F4C-4811-B1E3-79A9ABFD8B26}"
EndProject
Global
	GlobalSection(SolutionConfigurationPlatforms) = preSolution
		Debug|Any CPU = Debug|Any CPU
		Release|Any CPU = Release|Any CPU
	EndGlobalSection
	GlobalSection(ProjectConfigurationPlatforms) = postSolution
		{B9B0908E-D99C-4543-9F84-376ED4EC7509}.Debug|Any CPU.ActiveCfg = Debug|Any CPU
		{B9B0908E-D99C-4543-9F84-376ED4EC7509}.Debug|Any CPU.Build.0 = Debug|Any CPU
		{B9B0908E-D99C-4543-9F84-376ED4EC7509}.Release|Any CPU.ActiveCfg = Release|Any CPU
		{B9B0908E-D99C-4543-9F84-376ED4EC7509}.Release|Any CPU.Build.0 = Release|Any CPU
		{A9507282-9F4C-4811-B1E3-79A9ABFD8B26}.Debug|Any CPU.ActiveCfg = Debug|Any CPU
		{A9507282-9F4C-4811-B1E3-79A9ABFD8B26}.Debug|Any CPU.Build.0 = Debug|Any CPU
		{A9507282-9F4C-4811-B1E3-79A9ABFD8B26}.Release|Any CPU.ActiveCfg = Release|Any CPU
		{A9507282-9F4C-4811-B1E3-79A9ABFD8B26}.Release|Any CPU.Build.0 = Release|Any CPU
	EndGlobalSection
	GlobalSection(SolutionProperties) = preSolution
		HideSolutionNode = FALSE
	EndGlobalSection
EndGlobal
